
Microsoft Visual Studio Solution File, Format Version 12.00
# Visual Studio Version 17
VisualStudioVersion = 17.0.31903.59
MinimumVisualStudioVersion = 10.0.40219.1
Project("{FAE04EC0-301F-11D3-BF4B-00C04F79EFBC}") = "AD.Tests", "AD.Tests\AD.Tests.csproj", "{546A1B84-6694-4409-8C7C-30D22922BDBE}"
EndProject
Project("{2150E333-8FDC-42A3-9474-1A3956D46DE8}") = "Solution Items", "Solution Items", "{4A748ADE-36FD-4811-B627-511CCD653003}"
	ProjectSection(SolutionItems) = preProject
		..\.gitignore = ..\.gitignore
	EndProjectSection
EndProject
Global
	GlobalSection(SolutionConfigurationPlatforms) = preSolution
		Debug|Any CPU = Debug|Any CPU
		Release|Any CPU = Release|Any CPU
	EndGlobalSection
	GlobalSection(SolutionProperties) = preSolution
		HideSolutionNode = FALSE
	EndGlobalSection
	GlobalSection(ProjectConfigurationPlatforms) = postSolution
		{546A1B84-6694-4409-8C7C-30D22922BDBE}.Debug|Any CPU.ActiveCfg = Debug|Any CPU
		{546A1B84-6694-4409-8C7C-30D22922BDBE}.Debug|Any CPU.Build.0 = Debug|Any CPU
		{546A1B84-6694-4409-8C7C-30D22922BDBE}.Release|Any CPU.ActiveCfg = Release|Any CPU
		{546A1B84-6694-4409-8C7C-30D22922BDBE}.Release|Any CPU.Build.0 = Release|Any CPU
	EndGlobalSection
EndGlobal
